
Microsoft Visual Studio Solution File, Format Version 12.00
# Visual Studio Version 16
VisualStudioVersion = 16.0.30114.105
MinimumVisualStudioVersion = 10.0.40219.1
Project("{FAE04EC0-301F-11D3-BF4B-00C04F79EFBC}") = "feed-service", "feed-service\feed-service.csproj", "{713770C4-9FA9-40ED-87FA-BC670A2BDFD7}"
EndProject
Project("{FAE04EC0-301F-11D3-BF4B-00C04F79EFBC}") = "question-service", "question-service\question-service.csproj", "{2066170A-0D2A-47F7-85FC-A9592DF78540}"
EndProject
Project("{FAE04EC0-301F-11D3-BF4B-00C04F79EFBC}") = "ocelot-gateway", "ocelot-gateway\ocelot-gateway.csproj", "{FA874D90-2EB4-484B-A116-04BAF2FB2217}"
EndProject
Global
	GlobalSection(SolutionConfigurationPlatforms) = preSolution
		Debug|Any CPU = Debug|Any CPU
		Release|Any CPU = Release|Any CPU
	EndGlobalSection
	GlobalSection(SolutionProperties) = preSolution
		HideSolutionNode = FALSE
	EndGlobalSection
	GlobalSection(ProjectConfigurationPlatforms) = postSolution
		{713770C4-9FA9-40ED-87FA-BC670A2BDFD7}.Debug|Any CPU.ActiveCfg = Debug|Any CPU
		{713770C4-9FA9-40ED-87FA-BC670A2BDFD7}.Debug|Any CPU.Build.0 = Debug|Any CPU
		{713770C4-9FA9-40ED-87FA-BC670A2BDFD7}.Release|Any CPU.ActiveCfg = Release|Any CPU
		{713770C4-9FA9-40ED-87FA-BC670A2BDFD7}.Release|Any CPU.Build.0 = Release|Any CPU
		{2066170A-0D2A-47F7-85FC-A9592DF78540}.Debug|Any CPU.ActiveCfg = Debug|Any CPU
		{2066170A-0D2A-47F7-85FC-A9592DF78540}.Debug|Any CPU.Build.0 = Debug|Any CPU
		{2066170A-0D2A-47F7-85FC-A9592DF78540}.Release|Any CPU.ActiveCfg = Release|Any CPU
		{2066170A-0D2A-47F7-85FC-A9592DF78540}.Release|Any CPU.Build.0 = Release|Any CPU
		{FA874D90-2EB4-484B-A116-04BAF2FB2217}.Debug|Any CPU.ActiveCfg = Debug|Any CPU
		{FA874D90-2EB4-484B-A116-04BAF2FB2217}.Debug|Any CPU.Build.0 = Debug|Any CPU
		{FA874D90-2EB4-484B-A116-04BAF2FB2217}.Release|Any CPU.ActiveCfg = Release|Any CPU
		{FA874D90-2EB4-484B-A116-04BAF2FB2217}.Release|Any CPU.Build.0 = Release|Any CPU
	EndGlobalSection
EndGlobal
